{
  "name": "tv-room-threejs",
  "version": "1.0.0",
  "lockfileVersion": 2,
  "requires": true,
  "packages": {
    "": {
      "name": "tv-room-threejs",
      "version": "1.0.0",
      "license": "ISC",
      "dependencies": {
        "gsap": "^3.12.2",
        "three": "^0.143.0"
      }
    },
    "node_modules/gsap": {
      "version": "3.12.2",
      "resolved": "https://registry.npmjs.org/gsap/-/gsap-3.12.2.tgz",
      "integrity": "sha512-EkYnpG8qHgYBFAwsgsGEqvT1WUidX0tt/ijepx7z8EUJHElykg91RvW1XbkT59T0gZzzszOpjQv7SE41XuIXyQ=="
    },
    "node_modules/three": {
      "version": "0.143.0",
      "resolved": "https://registry.npmjs.org/three/-/three-0.143.0.tgz",
      "integrity": "sha512-oKcAGYHhJ46TGEuHjodo2n6TY2R6lbvrkp+feKZxqsUL/WkH7GKKaeu6RHeyb2Xjfk2dPLRKLsOP0KM2VgT8Zg=="
    }
  },
  "dependencies": {
    "gsap": {
      "version": "3.12.2",
      "resolved": "https://registry.npmjs.org/gsap/-/gsap-3.12.2.tgz",
      "integrity": "sha512-EkYnpG8qHgYBFAwsgsGEqvT1WUidX0tt/ijepx7z8EUJHElykg91RvW1XbkT59T0gZzzszOpjQv7SE41XuIXyQ=="
    },
    "three": {
      "version": "0.143.0",
      "resolved": "https://registry.npmjs.org/three/-/three-0.143.0.tgz",
      "integrity": "sha512-oKcAGYHhJ46TGEuHjodo2n6TY2R6lbvrkp+feKZxqsUL/WkH7GKKaeu6RHeyb2Xjfk2dPLRKLsOP0KM2VgT8Zg=="
    }
  }
}
